// !$*UTF8*$!
{
	archiveVersion = 1;
	classes = {
	};
	objectVersion = 46;
	objects = {

/* Begin PBXBuildFile section */
		1F2395F614628A34009F4D91 /* CHANGELOG.md in Resources */ = {isa = PBXBuildFile; fileRef = 1F2395F214628A34009F4D91 /* CHANGELOG.md */; };
		1F2395F714628A34009F4D91 /* JSONKit.m in Sources */ = {isa = PBXBuildFile; fileRef = 1F2395F414628A34009F4D91 /* JSONKit.m */; };
		1F2395F814628A34009F4D91 /* README.md in Resources */ = {isa = PBXBuildFile; fileRef = 1F2395F514628A34009F4D91 /* README.md */; };
		1F5BCA7714627AEE001A32E2 /* UIKit.framework in Frameworks */ = {isa = PBXBuildFile; fileRef = 1F5BCA7614627AEE001A32E2 /* UIKit.framework */; };
		1F5BCA7914627AEE001A32E2 /* Foundation.framework in Frameworks */ = {isa = PBXBuildFile; fileRef = 1F5BCA7814627AEE001A32E2 /* Foundation.framework */; };
		1F5BCA7B14627AEE001A32E2 /* CoreGraphics.framework in Frameworks */ = {isa = PBXBuildFile; fileRef = 1F5BCA7A14627AEE001A32E2 /* CoreGraphics.framework */; };
		1F5BCA8114627AEE001A32E2 /* InfoPlist.strings in Resources */ = {isa = PBXBuildFile; fileRef = 1F5BCA7F14627AEE001A32E2 /* InfoPlist.strings */; };
		1F5BCA8314627AEE001A32E2 /* main.m in Sources */ = {isa = PBXBuildFile; fileRef = 1F5BCA8214627AEE001A32E2 /* main.m */; };
		1F5BCA8714627AEE001A32E2 /* AppDelegate.m in Sources */ = {isa = PBXBuildFile; fileRef = 1F5BCA8614627AEE001A32E2 /* AppDelegate.m */; };
		1F5BCA9714627E06001A32E2 /* GhostViewController.m in Sources */ = {isa = PBXBuildFile; fileRef = 1F5BCA9614627E06001A32E2 /* GhostViewController.m */; };
		1FA3FDAB146A3DB600F10048 /* URLCenter.m in Sources */ = {isa = PBXBuildFile; fileRef = 1FA3FDAA146A3DB600F10048 /* URLCenter.m */; };
/* End PBXBuildFile section */

/* Begin PBXFileReference section */
		1F2395F214628A34009F4D91 /* CHANGELOG.md */ = {isa = PBXFileReference; fileEncoding = 4; lastKnownFileType = text; path = CHANGELOG.md; sourceTree = "<group>"; };
		1F2395F314628A34009F4D91 /* JSONKit.h */ = {isa = PBXFileReference; fileEncoding = 4; lastKnownFileType = sourcecode.c.h; path = JSONKit.h; sourceTree = "<group>"; };
		1F2395F414628A34009F4D91 /* JSONKit.m */ = {isa = PBXFileReference; fileEncoding = 4; lastKnownFileType = sourcecode.c.objc; path = JSONKit.m; sourceTree = "<group>"; };
		1F2395F514628A34009F4D91 /* README.md */ = {isa = PBXFileReference; fileEncoding = 4; lastKnownFileType = text; path = README.md; sourceTree = "<group>"; };
		1F5BCA7214627AED001A32E2 /* GhostNav.app */ = {isa = PBXFileReference; explicitFileType = wrapper.application; includeInIndex = 0; path = GhostNav.app; sourceTree = BUILT_PRODUCTS_DIR; };
		1F5BCA7614627AEE001A32E2 /* UIKit.framework */ = {isa = PBXFileReference; lastKnownFileType = wrapper.framework; name = UIKit.framework; path = System/Library/Frameworks/UIKit.framework; sourceTree = SDKROOT; };
		1F5BCA7814627AEE001A32E2 /* Foundation.framework */ = {isa = PBXFileReference; lastKnownFileType = wrapper.framework; name = Foundation.framework; path = System/Library/Frameworks/Foundation.framework; sourceTree = SDKROOT; };
		1F5BCA7A14627AEE001A32E2 /* CoreGraphics.framework */ = {isa = PBXFileReference; lastKnownFileType = wrapper.framework; name = CoreGraphics.framework; path = System/Library/Frameworks/CoreGraphics.framework; sourceTree = SDKROOT; };
		1F5BCA7E14627AEE001A32E2 /* GhostNav-Info.plist */ = {isa = PBXFileReference; lastKnownFileType = text.plist.xml; path = "GhostNav-Info.plist"; sourceTree = "<group>"; };
		1F5BCA8014627AEE001A32E2 /* en */ = {isa = PBXFileReference; lastKnownFileType = text.plist.strings; name = en; path = en.lproj/InfoPlist.strings; sourceTree = "<group>"; };
		1F5BCA8214627AEE001A32E2 /* main.m */ = {isa = PBXFileReference; lastKnownFileType = sourcecode.c.objc; path = main.m; sourceTree = "<group>"; };
		1F5BCA8414627AEE001A32E2 /* GhostNav-Prefix.pch */ = {isa = PBXFileReference; lastKnownFileType = sourcecode.c.h; path = "GhostNav-Prefix.pch"; sourceTree = "<group>"; };
		1F5BCA8514627AEE001A32E2 /* AppDelegate.h */ = {isa = PBXFileReference; lastKnownFileType = sourcecode.c.h; path = AppDelegate.h; sourceTree = "<group>"; };
		1F5BCA8614627AEE001A32E2 /* AppDelegate.m */ = {isa = PBXFileReference; lastKnownFileType = sourcecode.c.objc; path = AppDelegate.m; sourceTree = "<group>"; };
		1F5BCA9514627E06001A32E2 /* GhostViewController.h */ = {isa = PBXFileReference; fileEncoding = 4; lastKnownFileType = sourcecode.c.h; name = GhostViewController.h; path = ViewController/GhostViewController.h; sourceTree = "<group>"; };
		1F5BCA9614627E06001A32E2 /* GhostViewController.m */ = {isa = PBXFileReference; fileEncoding = 4; lastKnownFileType = sourcecode.c.objc; name = GhostViewController.m; path = ViewController/GhostViewController.m; sourceTree = "<group>"; };
		1FA3FDA9146A3DB600F10048 /* URLCenter.h */ = {isa = PBXFileReference; fileEncoding = 4; lastKnownFileType = sourcecode.c.h; path = URLCenter.h; sourceTree = "<group>"; };
		1FA3FDAA146A3DB600F10048 /* URLCenter.m */ = {isa = PBXFileReference; fileEncoding = 4; lastKnownFileType = sourcecode.c.objc; path = URLCenter.m; sourceTree = "<group>"; };
/* End PBXFileReference section */

/* Begin PBXFrameworksBuildPhase section */
		1F5BCA6F14627AED001A32E2 /* Frameworks */ = {
			isa = PBXFrameworksBuildPhase;
			buildActionMask = 2147483647;
			files = (
				1F5BCA7714627AEE001A32E2 /* UIKit.framework in Frameworks */,
				1F5BCA7914627AEE001A32E2 /* Foundation.framework in Frameworks */,
				1F5BCA7B14627AEE001A32E2 /* CoreGraphics.framework in Frameworks */,
			);
			runOnlyForDeploymentPostprocessing = 0;
		};
/* End PBXFrameworksBuildPhase section */

/* Begin PBXGroup section */
		1F2395F114628A34009F4D91 /* JSONKit */ = {
			isa = PBXGroup;
			children = (
				1F2395F214628A34009F4D91 /* CHANGELOG.md */,
				1F2395F314628A34009F4D91 /* JSONKit.h */,
				1F2395F414628A34009F4D91 /* JSONKit.m */,
				1F2395F514628A34009F4D91 /* README.md */,
			);
			path = JSONKit;
			sourceTree = "<group>";
		};
		1F5BCA6714627AEC001A32E2 = {
			isa = PBXGroup;
			children = (
				1F5BCA7C14627AEE001A32E2 /* GhostNav */,
				1F5BCA7514627AED001A32E2 /* Frameworks */,
				1F5BCA7314627AED001A32E2 /* Products */,
			);
			sourceTree = "<group>";
		};
		1F5BCA7314627AED001A32E2 /* Products */ = {
			isa = PBXGroup;
			children = (
				1F5BCA7214627AED001A32E2 /* GhostNav.app */,
			);
			name = Products;
			sourceTree = "<group>";
		};
		1F5BCA7514627AED001A32E2 /* Frameworks */ = {
			isa = PBXGroup;
			children = (
				1F5BCA7614627AEE001A32E2 /* UIKit.framework */,
				1F5BCA7814627AEE001A32E2 /* Foundation.framework */,
				1F5BCA7A14627AEE001A32E2 /* CoreGraphics.framework */,
			);
			name = Frameworks;
			sourceTree = "<group>";
		};
		1F5BCA7C14627AEE001A32E2 /* GhostNav */ = {
			isa = PBXGroup;
			children = (
				1F5BCA8514627AEE001A32E2 /* AppDelegate.h */,
				1F5BCA8614627AEE001A32E2 /* AppDelegate.m */,
				1F5BCA9914627E0D001A32E2 /* ViewController */,
				1F5BCA7D14627AEE001A32E2 /* Supporting Files */,
			);
			path = GhostNav;
			sourceTree = "<group>";
		};
		1F5BCA7D14627AEE001A32E2 /* Supporting Files */ = {
			isa = PBXGroup;
			children = (
				1F5BCA7E14627AEE001A32E2 /* GhostNav-Info.plist */,
				1F5BCA7F14627AEE001A32E2 /* InfoPlist.strings */,
				1F5BCA8214627AEE001A32E2 /* main.m */,
				1F5BCA8414627AEE001A32E2 /* GhostNav-Prefix.pch */,
			);
			name = "Supporting Files";
			sourceTree = "<group>";
		};
		1F5BCA9914627E0D001A32E2 /* ViewController */ = {
			isa = PBXGroup;
			children = (
				1FA3FDA8146A3DB600F10048 /* URLCenter */,
				1F5BCA9514627E06001A32E2 /* GhostViewController.h */,
				1F5BCA9614627E06001A32E2 /* GhostViewController.m */,
				1F2395F114628A34009F4D91 /* JSONKit */,
			);
			name = ViewController;
			sourceTree = "<group>";
		};
		1FA3FDA8146A3DB600F10048 /* URLCenter */ = {
			isa = PBXGroup;
			children = (
				1FA3FDA9146A3DB600F10048 /* URLCenter.h */,
				1FA3FDAA146A3DB600F10048 /* URLCenter.m */,
			);
			path = URLCenter;
			sourceTree = "<group>";
		};
/* End PBXGroup section */

/* Begin PBXNativeTarget section */
		1F5BCA7114627AED001A32E2 /* GhostNav */ = {
			isa = PBXNativeTarget;
			buildConfigurationList = 1F5BCA8A14627AEE001A32E2 /* Build configuration list for PBXNativeTarget "GhostNav" */;
			buildPhases = (
				1F5BCA6E14627AED001A32E2 /* Sources */,
				1F5BCA6F14627AED001A32E2 /* Frameworks */,
				1F5BCA7014627AED001A32E2 /* Resources */,
			);
			buildRules = (
			);
			dependencies = (
			);
			name = GhostNav;
			productName = GhostNav;
			productReference = 1F5BCA7214627AED001A32E2 /* GhostNav.app */;
			productType = "com.apple.product-type.application";
		};
/* End PBXNativeTarget section */

/* Begin PBXProject section */
		1F5BCA6914627AEC001A32E2 /* Project object */ = {
			isa = PBXProject;
			attributes = {
				LastUpgradeCheck = 0420;
			};
			buildConfigurationList = 1F5BCA6C14627AEC001A32E2 /* Build configuration list for PBXProject "GhostNav" */;
			compatibilityVersion = "Xcode 3.2";
			developmentRegion = English;
			hasScannedForEncodings = 0;
			knownRegions = (
				en,
			);
			mainGroup = 1F5BCA6714627AEC001A32E2;
			productRefGroup = 1F5BCA7314627AED001A32E2 /* Products */;
			projectDirPath = "";
			projectRoot = "";
			targets = (
				1F5BCA7114627AED001A32E2 /* GhostNav */,
			);
		};
/* End PBXProject section */

/* Begin PBXResourcesBuildPhase section */
		1F5BCA7014627AED001A32E2 /* Resources */ = {
			isa = PBXResourcesBuildPhase;
			buildActionMask = 2147483647;
			files = (
				1F5BCA8114627AEE001A32E2 /* InfoPlist.strings in Resources */,
				1F2395F614628A34009F4D91 /* CHANGELOG.md in Resources */,
				1F2395F814628A34009F4D91 /* README.md in Resources */,
			);
			runOnlyForDeploymentPostprocessing = 0;
		};
/* End PBXResourcesBuildPhase section */

/* Begin PBXSourcesBuildPhase section */
		1F5BCA6E14627AED001A32E2 /* Sources */ = {
			isa = PBXSourcesBuildPhase;
			buildActionMask = 2147483647;
			files = (
				1F5BCA8314627AEE001A32E2 /* main.m in Sources */,
				1F5BCA8714627AEE001A32E2 /* AppDelegate.m in Sources */,
				1F5BCA9714627E06001A32E2 /* GhostViewController.m in Sources */,
				1F2395F714628A34009F4D91 /* JSONKit.m in Sources */,
				1FA3FDAB146A3DB600F10048 /* URLCenter.m in Sources */,
			);
			runOnlyForDeploymentPostprocessing = 0;
		};
/* End PBXSourcesBuildPhase section */

/* Begin PBXVariantGroup section */
		1F5BCA7F14627AEE001A32E2 /* InfoPlist.strings */ = {
			isa = PBXVariantGroup;
			children = (
				1F5BCA8014627AEE001A32E2 /* en */,
			);
			name = InfoPlist.strings;
			sourceTree = "<group>";
		};
/* End PBXVariantGroup section */

/* Begin XCBuildConfiguration section */
		1F5BCA8814627AEE001A32E2 /* Debug */ = {
			isa = XCBuildConfiguration;
			buildSettings = {
				ALWAYS_SEARCH_USER_PATHS = NO;
				ARCHS = "$(ARCHS_STANDARD_32_BIT)";
				"CODE_SIGN_IDENTITY[sdk=iphoneos*]" = "iPhone Developer";
				COPY_PHASE_STRIP = NO;
				GCC_C_LANGUAGE_STANDARD = gnu99;
				GCC_DYNAMIC_NO_PIC = NO;
				GCC_OPTIMIZATION_LEVEL = 0;
				GCC_PREPROCESSOR_DEFINITIONS = (
					"DEBUG=1",
					"$(inherited)",
				);
				GCC_SYMBOLS_PRIVATE_EXTERN = NO;
				GCC_VERSION = com.apple.compilers.llvm.clang.1_0;
				GCC_WARN_ABOUT_MISSING_PROTOTYPES = YES;
				GCC_WARN_ABOUT_RETURN_TYPE = YES;
				GCC_WARN_UNUSED_VARIABLE = YES;
				IPHONEOS_DEPLOYMENT_TARGET = 5.0;
				SDKROOT = iphoneos;
			};
			name = Debug;
		};
		1F5BCA8914627AEE001A32E2 /* Release */ = {
			isa = XCBuildConfiguration;
			buildSettings = {
				ALWAYS_SEARCH_USER_PATHS = NO;
				ARCHS = "$(ARCHS_STANDARD_32_BIT)";
				"CODE_SIGN_IDENTITY[sdk=iphoneos*]" = "iPhone Developer";
				COPY_PHASE_STRIP = YES;
				GCC_C_LANGUAGE_STANDARD = gnu99;
				GCC_VERSION = com.apple.compilers.llvm.clang.1_0;
				GCC_WARN_ABOUT_MISSING_PROTOTYPES = YES;
				GCC_WARN_ABOUT_RETURN_TYPE = YES;
				GCC_WARN_UNUSED_VARIABLE = YES;
				IPHONEOS_DEPLOYMENT_TARGET = 5.0;
				OTHER_CFLAGS = "-DNS_BLOCK_ASSERTIONS=1";
				SDKROOT = iphoneos;
				VALIDATE_PRODUCT = YES;
			};
			name = Release;
		};
		1F5BCA8B14627AEE001A32E2 /* Debug */ = {
			isa = XCBuildConfiguration;
			buildSettings = {
				GCC_PRECOMPILE_PREFIX_HEADER = YES;
				GCC_PREFIX_HEADER = "GhostNav/GhostNav-Prefix.pch";
				INFOPLIST_FILE = "GhostNav/GhostNav-Info.plist";
				IPHONEOS_DEPLOYMENT_TARGET = 4.3;
				PRODUCT_NAME = "$(TARGET_NAME)";
				WRAPPER_EXTENSION = app;
			};
			name = Debug;
		};
		1F5BCA8C14627AEE001A32E2 /* Release */ = {
			isa = XCBuildConfiguration;
			buildSettings = {
				GCC_PRECOMPILE_PREFIX_HEADER = YES;
				GCC_PREFIX_HEADER = "GhostNav/GhostNav-Prefix.pch";
				INFOPLIST_FILE = "GhostNav/GhostNav-Info.plist";
				IPHONEOS_DEPLOYMENT_TARGET = 4.3;
				PRODUCT_NAME = "$(TARGET_NAME)";
				WRAPPER_EXTENSION = app;
			};
			name = Release;
		};
/* End XCBuildConfiguration section */

/* Begin XCConfigurationList section */
		1F5BCA6C14627AEC001A32E2 /* Build configuration list for PBXProject "GhostNav" */ = {
			isa = XCConfigurationList;
			buildConfigurations = (
				1F5BCA8814627AEE001A32E2 /* Debug */,
				1F5BCA8914627AEE001A32E2 /* Release */,
			);
			defaultConfigurationIsVisible = 0;
			defaultConfigurationName = Release;
		};
		1F5BCA8A14627AEE001A32E2 /* Build configuration list for PBXNativeTarget "GhostNav" */ = {
			isa = XCConfigurationList;
			buildConfigurations = (
				1F5BCA8B14627AEE001A32E2 /* Debug */,
				1F5BCA8C14627AEE001A32E2 /* Release */,
			);
			defaultConfigurationIsVisible = 0;
			defaultConfigurationName = Release;
		};
/* End XCConfigurationList section */
	};
	rootObject = 1F5BCA6914627AEC001A32E2 /* Project object */;
}
